// !$*UTF8*$!
{
	archiveVersion = 1;
	classes = {
	};
	objectVersion = 55;
	objects = {

/* Begin PBXBuildFile section */
		3FF1752528B39914003345FB /* AppDelegate.swift in Sources */ = {isa = PBXBuildFile; fileRef = 3FF1752428B39914003345FB /* AppDelegate.swift */; };
		3FF1752728B39914003345FB /* SceneDelegate.swift in Sources */ = {isa = PBXBuildFile; fileRef = 3FF1752628B39914003345FB /* SceneDelegate.swift */; };
		3FF1752928B39914003345FB /* ViewController.swift in Sources */ = {isa = PBXBuildFile; fileRef = 3FF1752828B39914003345FB /* ViewController.swift */; };
		3FF1752C28B39914003345FB /* Main.storyboard in Resources */ = {isa = PBXBuildFile; fileRef = 3FF1752A28B39914003345FB /* Main.storyboard */; };
		3FF1752E28B39916003345FB /* Assets.xcassets in Resources */ = {isa = PBXBuildFile; fileRef = 3FF1752D28B39916003345FB /* Assets.xcassets */; };
		3FF1753128B39916003345FB /* LaunchScreen.storyboard in Resources */ = {isa = PBXBuildFile; fileRef = 3FF1752F28B39916003345FB /* LaunchScreen.storyboard */; };
		3FF1753C28B39916003345FB /* BitcoinExchangeTests.swift in Sources */ = {isa = PBXBuildFile; fileRef = 3FF1753B28B39916003345FB /* BitcoinExchangeTests.swift */; };
		3FF1754628B39916003345FB /* BitcoinExchangeUITests.swift in Sources */ = {isa = PBXBuildFile; fileRef = 3FF1754528B39916003345FB /* BitcoinExchangeUITests.swift */; };
		3FF1754828B39916003345FB /* BitcoinExchangeUITestsLaunchTests.swift in Sources */ = {isa = PBXBuildFile; fileRef = 3FF1754728B39916003345FB /* BitcoinExchangeUITestsLaunchTests.swift */; };
		3FF1755528B3A178003345FB /* CoinManager.swift in Sources */ = {isa = PBXBuildFile; fileRef = 3FF1755428B3A178003345FB /* CoinManager.swift */; };
/* End PBXBuildFile section */

/* Begin PBXContainerItemProxy section */
		3FF1753828B39916003345FB /* PBXContainerItemProxy */ = {
			isa = PBXContainerItemProxy;
			containerPortal = 3FF1751928B39914003345FB /* Project object */;
			proxyType = 1;
			remoteGlobalIDString = 3FF1752028B39914003345FB;
			remoteInfo = BitcoinExchange;
		};
		3FF1754228B39916003345FB /* PBXContainerItemProxy */ = {
			isa = PBXContainerItemProxy;
			containerPortal = 3FF1751928B39914003345FB /* Project object */;
			proxyType = 1;
			remoteGlobalIDString = 3FF1752028B39914003345FB;
			remoteInfo = BitcoinExchange;
		};
/* End PBXContainerItemProxy section */

/* Begin PBXFileReference section */
		3FF1752128B39914003345FB /* BitcoinExchange.app */ = {isa = PBXFileReference; explicitFileType = wrapper.application; includeInIndex = 0; path = BitcoinExchange.app; sourceTree = BUILT_PRODUCTS_DIR; };
		3FF1752428B39914003345FB /* AppDelegate.swift */ = {isa = PBXFileReference; lastKnownFileType = sourcecode.swift; path = AppDelegate.swift; sourceTree = "<group>"; };
		3FF1752628B39914003345FB /* SceneDelegate.swift */ = {isa = PBXFileReference; lastKnownFileType = sourcecode.swift; path = SceneDelegate.swift; sourceTree = "<group>"; };
		3FF1752828B39914003345FB /* ViewController.swift */ = {isa = PBXFileReference; lastKnownFileType = sourcecode.swift; path = ViewController.swift; sourceTree = "<group>"; };
		3FF1752B28B39914003345FB /* Base */ = {isa = PBXFileReference; lastKnownFileType = file.storyboard; name = Base; path = Base.lproj/Main.storyboard; sourceTree = "<group>"; };
		3FF1752D28B39916003345FB /* Assets.xcassets */ = {isa = PBXFileReference; lastKnownFileType = folder.assetcatalog; path = Assets.xcassets; sourceTree = "<group>"; };
		3FF1753028B39916003345FB /* Base */ = {isa = PBXFileReference; lastKnownFileType = file.storyboard; name = Base; path = Base.lproj/LaunchScreen.storyboard; sourceTree = "<group>"; };
		3FF1753228B39916003345FB /* Info.plist */ = {isa = PBXFileReference; lastKnownFileType = text.plist.xml; path = Info.plist; sourceTree = "<group>"; };
		3FF1753728B39916003345FB /* BitcoinExchangeTests.xctest */ = {isa = PBXFileReference; explicitFileType = wrapper.cfbundle; includeInIndex = 0; path = BitcoinExchangeTests.xctest; sourceTree = BUILT_PRODUCTS_DIR; };
		3FF1753B28B39916003345FB /* BitcoinExchangeTests.swift */ = {isa = PBXFileReference; lastKnownFileType = sourcecode.swift; path = BitcoinExchangeTests.swift; sourceTree = "<group>"; };
		3FF1754128B39916003345FB /* BitcoinExchangeUITests.xctest */ = {isa = PBXFileReference; explicitFileType = wrapper.cfbundle; includeInIndex = 0; path = BitcoinExchangeUITests.xctest; sourceTree = BUILT_PRODUCTS_DIR; };
		3FF1754528B39916003345FB /* BitcoinExchangeUITests.swift */ = {isa = PBXFileReference; lastKnownFileType = sourcecode.swift; path = BitcoinExchangeUITests.swift; sourceTree = "<group>"; };
		3FF1754728B39916003345FB /* BitcoinExchangeUITestsLaunchTests.swift */ = {isa = PBXFileReference; lastKnownFileType = sourcecode.swift; path = BitcoinExchangeUITestsLaunchTests.swift; sourceTree = "<group>"; };
		3FF1755428B3A178003345FB /* CoinManager.swift */ = {isa = PBXFileReference; lastKnownFileType = sourcecode.swift; path = CoinManager.swift; sourceTree = "<group>"; };
/* End PBXFileReference section */

/* Begin PBXFrameworksBuildPhase section */
		3FF1751E28B39914003345FB /* Frameworks */ = {
			isa = PBXFrameworksBuildPhase;
			buildActionMask = 2147483647;
			files = (
			);
			runOnlyForDeploymentPostprocessing = 0;
		};
		3FF1753428B39916003345FB /* Frameworks */ = {
			isa = PBXFrameworksBuildPhase;
			buildActionMask = 2147483647;
			files = (
			);
			runOnlyForDeploymentPostprocessing = 0;
		};
		3FF1753E28B39916003345FB /* Frameworks */ = {
			isa = PBXFrameworksBuildPhase;
			buildActionMask = 2147483647;
			files = (
			);
			runOnlyForDeploymentPostprocessing = 0;
		};
/* End PBXFrameworksBuildPhase section */

/* Begin PBXGroup section */
		3FF1751828B39914003345FB = {
			isa = PBXGroup;
			children = (
				3FF1752328B39914003345FB /* BitcoinExchange */,
				3FF1753A28B39916003345FB /* BitcoinExchangeTests */,
				3FF1754428B39916003345FB /* BitcoinExchangeUITests */,
				3FF1752228B39914003345FB /* Products */,
			);
			sourceTree = "<group>";
		};
		3FF1752228B39914003345FB /* Products */ = {
			isa = PBXGroup;
			children = (
				3FF1752128B39914003345FB /* BitcoinExchange.app */,
				3FF1753728B39916003345FB /* BitcoinExchangeTests.xctest */,
				3FF1754128B39916003345FB /* BitcoinExchangeUITests.xctest */,
			);
			name = Products;
			sourceTree = "<group>";
		};
		3FF1752328B39914003345FB /* BitcoinExchange */ = {
			isa = PBXGroup;
			children = (
				3FF1752428B39914003345FB /* AppDelegate.swift */,
				3FF1752628B39914003345FB /* SceneDelegate.swift */,
				3FF1755728B3A189003345FB /* Controller */,
				3FF1755628B3A17D003345FB /* Model */,
				3FF1755828B3A190003345FB /* View */,
				3FF1752D28B39916003345FB /* Assets.xcassets */,
				3FF1752F28B39916003345FB /* LaunchScreen.storyboard */,
				3FF1753228B39916003345FB /* Info.plist */,
			);
			path = BitcoinExchange;
			sourceTree = "<group>";
		};
		3FF1753A28B39916003345FB /* BitcoinExchangeTests */ = {
			isa = PBXGroup;
			children = (
				3FF1753B28B39916003345FB /* BitcoinExchangeTests.swift */,
			);
			path = BitcoinExchangeTests;
			sourceTree = "<group>";
		};
		3FF1754428B39916003345FB /* BitcoinExchangeUITests */ = {
			isa = PBXGroup;
			children = (
				3FF1754528B39916003345FB /* BitcoinExchangeUITests.swift */,
				3FF1754728B39916003345FB /* BitcoinExchangeUITestsLaunchTests.swift */,
			);
			path = BitcoinExchangeUITests;
			sourceTree = "<group>";
		};
		3FF1755628B3A17D003345FB /* Model */ = {
			isa = PBXGroup;
			children = (
				3FF1755428B3A178003345FB /* CoinManager.swift */,
			);
			path = Model;
			sourceTree = "<group>";
		};
		3FF1755728B3A189003345FB /* Controller */ = {
			isa = PBXGroup;
			children = (
				3FF1752828B39914003345FB /* ViewController.swift */,
			);
			path = Controller;
			sourceTree = "<group>";
		};
		3FF1755828B3A190003345FB /* View */ = {
			isa = PBXGroup;
			children = (
				3FF1752A28B39914003345FB /* Main.storyboard */,
			);
			path = View;
			sourceTree = "<group>";
		};
/* End PBXGroup section */

/* Begin PBXNativeTarget section */
		3FF1752028B39914003345FB /* BitcoinExchange */ = {
			isa = PBXNativeTarget;
			buildConfigurationList = 3FF1754B28B39916003345FB /* Build configuration list for PBXNativeTarget "BitcoinExchange" */;
			buildPhases = (
				3FF1751D28B39914003345FB /* Sources */,
				3FF1751E28B39914003345FB /* Frameworks */,
				3FF1751F28B39914003345FB /* Resources */,
			);
			buildRules = (
			);
			dependencies = (
			);
			name = BitcoinExchange;
			productName = BitcoinExchange;
			productReference = 3FF1752128B39914003345FB /* BitcoinExchange.app */;
			productType = "com.apple.product-type.application";
		};
		3FF1753628B39916003345FB /* BitcoinExchangeTests */ = {
			isa = PBXNativeTarget;
			buildConfigurationList = 3FF1754E28B39916003345FB /* Build configuration list for PBXNativeTarget "BitcoinExchangeTests" */;
			buildPhases = (
				3FF1753328B39916003345FB /* Sources */,
				3FF1753428B39916003345FB /* Frameworks */,
				3FF1753528B39916003345FB /* Resources */,
			);
			buildRules = (
			);
			dependencies = (
				3FF1753928B39916003345FB /* PBXTargetDependency */,
			);
			name = BitcoinExchangeTests;
			productName = BitcoinExchangeTests;
			productReference = 3FF1753728B39916003345FB /* BitcoinExchangeTests.xctest */;
			productType = "com.apple.product-type.bundle.unit-test";
		};
		3FF1754028B39916003345FB /* BitcoinExchangeUITests */ = {
			isa = PBXNativeTarget;
			buildConfigurationList = 3FF1755128B39916003345FB /* Build configuration list for PBXNativeTarget "BitcoinExchangeUITests" */;
			buildPhases = (
				3FF1753D28B39916003345FB /* Sources */,
				3FF1753E28B39916003345FB /* Frameworks */,
				3FF1753F28B39916003345FB /* Resources */,
			);
			buildRules = (
			);
			dependencies = (
				3FF1754328B39916003345FB /* PBXTargetDependency */,
			);
			name = BitcoinExchangeUITests;
			productName = BitcoinExchangeUITests;
			productReference = 3FF1754128B39916003345FB /* BitcoinExchangeUITests.xctest */;
			productType = "com.apple.product-type.bundle.ui-testing";
		};
/* End PBXNativeTarget section */

/* Begin PBXProject section */
		3FF1751928B39914003345FB /* Project object */ = {
			isa = PBXProject;
			attributes = {
				BuildIndependentTargetsInParallel = 1;
				LastSwiftUpdateCheck = 1340;
				LastUpgradeCheck = 1340;
				TargetAttributes = {
					3FF1752028B39914003345FB = {
						CreatedOnToolsVersion = 13.4.1;
					};
					3FF1753628B39916003345FB = {
						CreatedOnToolsVersion = 13.4.1;
						TestTargetID = 3FF1752028B39914003345FB;
					};
					3FF1754028B39916003345FB = {
						CreatedOnToolsVersion = 13.4.1;
						TestTargetID = 3FF1752028B39914003345FB;
					};
				};
			};
			buildConfigurationList = 3FF1751C28B39914003345FB /* Build configuration list for PBXProject "BitcoinExchange" */;
			compatibilityVersion = "Xcode 13.0";
			developmentRegion = en;
			hasScannedForEncodings = 0;
			knownRegions = (
				en,
				Base,
			);
			mainGroup = 3FF1751828B39914003345FB;
			productRefGroup = 3FF1752228B39914003345FB /* Products */;
			projectDirPath = "";
			projectRoot = "";
			targets = (
				3FF1752028B39914003345FB /* BitcoinExchange */,
				3FF1753628B39916003345FB /* BitcoinExchangeTests */,
				3FF1754028B39916003345FB /* BitcoinExchangeUITests */,
			);
		};
/* End PBXProject section */

/* Begin PBXResourcesBuildPhase section */
		3FF1751F28B39914003345FB /* Resources */ = {
			isa = PBXResourcesBuildPhase;
			buildActionMask = 2147483647;
			files = (
				3FF1753128B39916003345FB /* LaunchScreen.storyboard in Resources */,
				3FF1752E28B39916003345FB /* Assets.xcassets in Resources */,
				3FF1752C28B39914003345FB /* Main.storyboard in Resources */,
			);
			runOnlyForDeploymentPostprocessing = 0;
		};
		3FF1753528B39916003345FB /* Resources */ = {
			isa = PBXResourcesBuildPhase;
			buildActionMask = 2147483647;
			files = (
			);
			runOnlyForDeploymentPostprocessing = 0;
		};
		3FF1753F28B39916003345FB /* Resources */ = {
			isa = PBXResourcesBuildPhase;
			buildActionMask = 2147483647;
			files = (
			);
			runOnlyForDeploymentPostprocessing = 0;
		};
/* End PBXResourcesBuildPhase section */

/* Begin PBXSourcesBuildPhase section */
		3FF1751D28B39914003345FB /* Sources */ = {
			isa = PBXSourcesBuildPhase;
			buildActionMask = 2147483647;
			files = (
				3FF1755528B3A178003345FB /* CoinManager.swift in Sources */,
				3FF1752928B39914003345FB /* ViewController.swift in Sources */,
				3FF1752528B39914003345FB /* AppDelegate.swift in Sources */,
				3FF1752728B39914003345FB /* SceneDelegate.swift in Sources */,
			);
			runOnlyForDeploymentPostprocessing = 0;
		};
		3FF1753328B39916003345FB /* Sources */ = {
			isa = PBXSourcesBuildPhase;
			buildActionMask = 2147483647;
			files = (
				3FF1753C28B39916003345FB /* BitcoinExchangeTests.swift in Sources */,
			);
			runOnlyForDeploymentPostprocessing = 0;
		};
		3FF1753D28B39916003345FB /* Sources */ = {
			isa = PBXSourcesBuildPhase;
			buildActionMask = 2147483647;
			files = (
				3FF1754828B39916003345FB /* BitcoinExchangeUITestsLaunchTests.swift in Sources */,
				3FF1754628B39916003345FB /* BitcoinExchangeUITests.swift in Sources */,
			);
			runOnlyForDeploymentPostprocessing = 0;
		};
/* End PBXSourcesBuildPhase section */

/* Begin PBXTargetDependency section */
		3FF1753928B39916003345FB /* PBXTargetDependency */ = {
			isa = PBXTargetDependency;
			target = 3FF1752028B39914003345FB /* BitcoinExchange */;
			targetProxy = 3FF1753828B39916003345FB /* PBXContainerItemProxy */;
		};
		3FF1754328B39916003345FB /* PBXTargetDependency */ = {
			isa = PBXTargetDependency;
			target = 3FF1752028B39914003345FB /* BitcoinExchange */;
			targetProxy = 3FF1754228B39916003345FB /* PBXContainerItemProxy */;
		};
/* End PBXTargetDependency section */

/* Begin PBXVariantGroup section */
		3FF1752A28B39914003345FB /* Main.storyboard */ = {
			isa = PBXVariantGroup;
			children = (
				3FF1752B28B39914003345FB /* Base */,
			);
			name = Main.storyboard;
			sourceTree = "<group>";
		};
		3FF1752F28B39916003345FB /* LaunchScreen.storyboard */ = {
			isa = PBXVariantGroup;
			children = (
				3FF1753028B39916003345FB /* Base */,
			);
			name = LaunchScreen.storyboard;
			sourceTree = "<group>";
		};
/* End PBXVariantGroup section */

/* Begin XCBuildConfiguration section */
		3FF1754928B39916003345FB /* Debug */ = {
			isa = XCBuildConfiguration;
			buildSettings = {
				ALWAYS_SEARCH_USER_PATHS = NO;
				CLANG_ANALYZER_NONNULL = YES;
				CLANG_ANALYZER_NUMBER_OBJECT_CONVERSION = YES_AGGRESSIVE;
				CLANG_CXX_LANGUAGE_STANDARD = "gnu++17";
				CLANG_ENABLE_MODULES = YES;
				CLANG_ENABLE_OBJC_ARC = YES;
				CLANG_ENABLE_OBJC_WEAK = YES;
				CLANG_WARN_BLOCK_CAPTURE_AUTORELEASING = YES;
				CLANG_WARN_BOOL_CONVERSION = YES;
				CLANG_WARN_COMMA = YES;
				CLANG_WARN_CONSTANT_CONVERSION = YES;
				CLANG_WARN_DEPRECATED_OBJC_IMPLEMENTATIONS = YES;
				CLANG_WARN_DIRECT_OBJC_ISA_USAGE = YES_ERROR;
				CLANG_WARN_DOCUMENTATION_COMMENTS = YES;
				CLANG_WARN_EMPTY_BODY = YES;
				CLANG_WARN_ENUM_CONVERSION = YES;
				CLANG_WARN_INFINITE_RECURSION = YES;
				CLANG_WARN_INT_CONVERSION = YES;
				CLANG_WARN_NON_LITERAL_NULL_CONVERSION = YES;
				CLANG_WARN_OBJC_IMPLICIT_RETAIN_SELF = YES;
				CLANG_WARN_OBJC_LITERAL_CONVERSION = YES;
				CLANG_WARN_OBJC_ROOT_CLASS = YES_ERROR;
				CLANG_WARN_QUOTED_INCLUDE_IN_FRAMEWORK_HEADER = YES;
				CLANG_WARN_RANGE_LOOP_ANALYSIS = YES;
				CLANG_WARN_STRICT_PROTOTYPES = YES;
				CLANG_WARN_SUSPICIOUS_MOVE = YES;
				CLANG_WARN_UNGUARDED_AVAILABILITY = YES_AGGRESSIVE;
				CLANG_WARN_UNREACHABLE_CODE = YES;
				CLANG_WARN__DUPLICATE_METHOD_MATCH = YES;
				COPY_PHASE_STRIP = NO;
				DEBUG_INFORMATION_FORMAT = dwarf;
				ENABLE_STRICT_OBJC_MSGSEND = YES;
				ENABLE_TESTABILITY = YES;
				GCC_C_LANGUAGE_STANDARD = gnu11;
				GCC_DYNAMIC_NO_PIC = NO;
				GCC_NO_COMMON_BLOCKS = YES;
				GCC_OPTIMIZATION_LEVEL = 0;
				GCC_PREPROCESSOR_DEFINITIONS = (
					"DEBUG=1",
					"$(inherited)",
				);
				GCC_WARN_64_TO_32_BIT_CONVERSION = YES;
				GCC_WARN_ABOUT_RETURN_TYPE = YES_ERROR;
				GCC_WARN_UNDECLARED_SELECTOR = YES;
				GCC_WARN_UNINITIALIZED_AUTOS = YES_AGGRESSIVE;
				GCC_WARN_UNUSED_FUNCTION = YES;
				GCC_WARN_UNUSED_VARIABLE = YES;
				IPHONEOS_DEPLOYMENT_TARGET = 15.5;
				MTL_ENABLE_DEBUG_INFO = INCLUDE_SOURCE;
				MTL_FAST_MATH = YES;
				ONLY_ACTIVE_ARCH = YES;
				SDKROOT = iphoneos;
				SWIFT_ACTIVE_COMPILATION_CONDITIONS = DEBUG;
				SWIFT_OPTIMIZATION_LEVEL = "-Onone";
			};
			name = Debug;
		};
		3FF1754A28B39916003345FB /* Release */ = {
			isa = XCBuildConfiguration;
			buildSettings = {
				ALWAYS_SEARCH_USER_PATHS = NO;
				CLANG_ANALYZER_NONNULL = YES;
				CLANG_ANALYZER_NUMBER_OBJECT_CONVERSION = YES_AGGRESSIVE;
				CLANG_CXX_LANGUAGE_STANDARD = "gnu++17";
				CLANG_ENABLE_MODULES = YES;
				CLANG_ENABLE_OBJC_ARC = YES;
				CLANG_ENABLE_OBJC_WEAK = YES;
				CLANG_WARN_BLOCK_CAPTURE_AUTORELEASING = YES;
				CLANG_WARN_BOOL_CONVERSION = YES;
				CLANG_WARN_COMMA = YES;
				CLANG_WARN_CONSTANT_CONVERSION = YES;
				CLANG_WARN_DEPRECATED_OBJC_IMPLEMENTATIONS = YES;
				CLANG_WARN_DIRECT_OBJC_ISA_USAGE = YES_ERROR;
				CLANG_WARN_DOCUMENTATION_COMMENTS = YES;
				CLANG_WARN_EMPTY_BODY = YES;
				CLANG_WARN_ENUM_CONVERSION = YES;
				CLANG_WARN_INFINITE_RECURSION = YES;
				CLANG_WARN_INT_CONVERSION = YES;
				CLANG_WARN_NON_LITERAL_NULL_CONVERSION = YES;
				CLANG_WARN_OBJC_IMPLICIT_RETAIN_SELF = YES;
				CLANG_WARN_OBJC_LITERAL_CONVERSION = YES;
				CLANG_WARN_OBJC_ROOT_CLASS = YES_ERROR;
				CLANG_WARN_QUOTED_INCLUDE_IN_FRAMEWORK_HEADER = YES;
				CLANG_WARN_RANGE_LOOP_ANALYSIS = YES;
				CLANG_WARN_STRICT_PROTOTYPES = YES;
				CLANG_WARN_SUSPICIOUS_MOVE = YES;
				CLANG_WARN_UNGUARDED_AVAILABILITY = YES_AGGRESSIVE;
				CLANG_WARN_UNREACHABLE_CODE = YES;
				CLANG_WARN__DUPLICATE_METHOD_MATCH = YES;
				COPY_PHASE_STRIP = NO;
				DEBUG_INFORMATION_FORMAT = "dwarf-with-dsym";
				ENABLE_NS_ASSERTIONS = NO;
				ENABLE_STRICT_OBJC_MSGSEND = YES;
				GCC_C_LANGUAGE_STANDARD = gnu11;
				GCC_NO_COMMON_BLOCKS = YES;
				GCC_WARN_64_TO_32_BIT_CONVERSION = YES;
				GCC_WARN_ABOUT_RETURN_TYPE = YES_ERROR;
				GCC_WARN_UNDECLARED_SELECTOR = YES;
				GCC_WARN_UNINITIALIZED_AUTOS = YES_AGGRESSIVE;
				GCC_WARN_UNUSED_FUNCTION = YES;
				GCC_WARN_UNUSED_VARIABLE = YES;
				IPHONEOS_DEPLOYMENT_TARGET = 15.5;
				MTL_ENABLE_DEBUG_INFO = NO;
				MTL_FAST_MATH = YES;
				SDKROOT = iphoneos;
				SWIFT_COMPILATION_MODE = wholemodule;
				SWIFT_OPTIMIZATION_LEVEL = "-O";
				VALIDATE_PRODUCT = YES;
			};
			name = Release;
		};
		3FF1754C28B39916003345FB /* Debug */ = {
			isa = XCBuildConfiguration;
			buildSettings = {
				ASSETCATALOG_COMPILER_APPICON_NAME = AppIcon;
				ASSETCATALOG_COMPILER_GLOBAL_ACCENT_COLOR_NAME = AccentColor;
				CODE_SIGN_STYLE = Automatic;
				CURRENT_PROJECT_VERSION = 1;
				DEVELOPMENT_TEAM = 48Z2DS9MBQ;
				GENERATE_INFOPLIST_FILE = YES;
				INFOPLIST_FILE = BitcoinExchange/Info.plist;
				INFOPLIST_KEY_UIApplicationSupportsIndirectInputEvents = YES;
				INFOPLIST_KEY_UILaunchStoryboardName = LaunchScreen;
				INFOPLIST_KEY_UIMainStoryboardFile = Main;
				INFOPLIST_KEY_UISupportedInterfaceOrientations_iPad = "UIInterfaceOrientationPortrait UIInterfaceOrientationPortraitUpsideDown UIInterfaceOrientationLandscapeLeft UIInterfaceOrientationLandscapeRight";
				INFOPLIST_KEY_UISupportedInterfaceOrientations_iPhone = "UIInterfaceOrientationPortrait UIInterfaceOrientationLandscapeLeft UIInterfaceOrientationLandscapeRight";
				LD_RUNPATH_SEARCH_PATHS = (
					"$(inherited)",
					"@executable_path/Frameworks",
				);
				MARKETING_VERSION = 1.0;
				PRODUCT_BUNDLE_IDENTIFIER = com.willy.BitcoinExchange;
				PRODUCT_NAME = "$(TARGET_NAME)";
				SWIFT_EMIT_LOC_STRINGS = YES;
				SWIFT_VERSION = 5.0;
				TARGETED_DEVICE_FAMILY = "1,2";
			};
			name = Debug;
		};
		3FF1754D28B39916003345FB /* Release */ = {
			isa = XCBuildConfiguration;
			buildSettings = {
				ASSETCATALOG_COMPILER_APPICON_NAME = AppIcon;
				ASSETCATALOG_COMPILER_GLOBAL_ACCENT_COLOR_NAME = AccentColor;
				CODE_SIGN_STYLE = Automatic;
				CURRENT_PROJECT_VERSION = 1;
				DEVELOPMENT_TEAM = 48Z2DS9MBQ;
				GENERATE_INFOPLIST_FILE = YES;
				INFOPLIST_FILE = BitcoinExchange/Info.plist;
				INFOPLIST_KEY_UIApplicationSupportsIndirectInputEvents = YES;
				INFOPLIST_KEY_UILaunchStoryboardName = LaunchScreen;
				INFOPLIST_KEY_UIMainStoryboardFile = Main;
				INFOPLIST_KEY_UISupportedInterfaceOrientations_iPad = "UIInterfaceOrientationPortrait UIInterfaceOrientationPortraitUpsideDown UIInterfaceOrientationLandscapeLeft UIInterfaceOrientationLandscapeRight";
				INFOPLIST_KEY_UISupportedInterfaceOrientations_iPhone = "UIInterfaceOrientationPortrait UIInterfaceOrientationLandscapeLeft UIInterfaceOrientationLandscapeRight";
				LD_RUNPATH_SEARCH_PATHS = (
					"$(inherited)",
					"@executable_path/Frameworks",
				);
				MARKETING_VERSION = 1.0;
				PRODUCT_BUNDLE_IDENTIFIER = com.willy.BitcoinExchange;
				PRODUCT_NAME = "$(TARGET_NAME)";
				SWIFT_EMIT_LOC_STRINGS = YES;
				SWIFT_VERSION = 5.0;
				TARGETED_DEVICE_FAMILY = "1,2";
			};
			name = Release;
		};
		3FF1754F28B39916003345FB /* Debug */ = {
			isa = XCBuildConfiguration;
			buildSettings = {
				ALWAYS_EMBED_SWIFT_STANDARD_LIBRARIES = YES;
				BUNDLE_LOADER = "$(TEST_HOST)";
				CODE_SIGN_STYLE = Automatic;
				CURRENT_PROJECT_VERSION = 1;
				DEVELOPMENT_TEAM = 48Z2DS9MBQ;
				GENERATE_INFOPLIST_FILE = YES;
				IPHONEOS_DEPLOYMENT_TARGET = 15.5;
				MARKETING_VERSION = 1.0;
				PRODUCT_BUNDLE_IDENTIFIER = com.willy.BitcoinExchangeTests;
				PRODUCT_NAME = "$(TARGET_NAME)";
				SWIFT_EMIT_LOC_STRINGS = NO;
				SWIFT_VERSION = 5.0;
				TARGETED_DEVICE_FAMILY = "1,2";
				TEST_HOST = "$(BUILT_PRODUCTS_DIR)/BitcoinExchange.app/BitcoinExchange";
			};
			name = Debug;
		};
		3FF1755028B39916003345FB /* Release */ = {
			isa = XCBuildConfiguration;
			buildSettings = {
				ALWAYS_EMBED_SWIFT_STANDARD_LIBRARIES = YES;
				BUNDLE_LOADER = "$(TEST_HOST)";
				CODE_SIGN_STYLE = Automatic;
				CURRENT_PROJECT_VERSION = 1;
				DEVELOPMENT_TEAM = 48Z2DS9MBQ;
				GENERATE_INFOPLIST_FILE = YES;
				IPHONEOS_DEPLOYMENT_TARGET = 15.5;
				MARKETING_VERSION = 1.0;
				PRODUCT_BUNDLE_IDENTIFIER = com.willy.BitcoinExchangeTests;
				PRODUCT_NAME = "$(TARGET_NAME)";
				SWIFT_EMIT_LOC_STRINGS = NO;
				SWIFT_VERSION = 5.0;
				TARGETED_DEVICE_FAMILY = "1,2";
				TEST_HOST = "$(BUILT_PRODUCTS_DIR)/BitcoinExchange.app/BitcoinExchange";
			};
			name = Release;
		};
		3FF1755228B39916003345FB /* Debug */ = {
			isa = XCBuildConfiguration;
			buildSettings = {
				ALWAYS_EMBED_SWIFT_STANDARD_LIBRARIES = YES;
				CODE_SIGN_STYLE = Automatic;
				CURRENT_PROJECT_VERSION = 1;
				DEVELOPMENT_TEAM = 48Z2DS9MBQ;
				GENERATE_INFOPLIST_FILE = YES;
				MARKETING_VERSION = 1.0;
				PRODUCT_BUNDLE_IDENTIFIER = com.willy.BitcoinExchangeUITests;
				PRODUCT_NAME = "$(TARGET_NAME)";
				SWIFT_EMIT_LOC_STRINGS = NO;
				SWIFT_VERSION = 5.0;
				TARGETED_DEVICE_FAMILY = "1,2";
				TEST_TARGET_NAME = BitcoinExchange;
			};
			name = Debug;
		};
		3FF1755328B39916003345FB /* Release */ = {
			isa = XCBuildConfiguration;
			buildSettings = {
				ALWAYS_EMBED_SWIFT_STANDARD_LIBRARIES = YES;
				CODE_SIGN_STYLE = Automatic;
				CURRENT_PROJECT_VERSION = 1;
				DEVELOPMENT_TEAM = 48Z2DS9MBQ;
				GENERATE_INFOPLIST_FILE = YES;
				MARKETING_VERSION = 1.0;
				PRODUCT_BUNDLE_IDENTIFIER = com.willy.BitcoinExchangeUITests;
				PRODUCT_NAME = "$(TARGET_NAME)";
				SWIFT_EMIT_LOC_STRINGS = NO;
				SWIFT_VERSION = 5.0;
				TARGETED_DEVICE_FAMILY = "1,2";
				TEST_TARGET_NAME = BitcoinExchange;
			};
			name = Release;
		};
/* End XCBuildConfiguration section */

/* Begin XCConfigurationList section */
		3FF1751C28B39914003345FB /* Build configuration list for PBXProject "BitcoinExchange" */ = {
			isa = XCConfigurationList;
			buildConfigurations = (
				3FF1754928B39916003345FB /* Debug */,
				3FF1754A28B39916003345FB /* Release */,
			);
			defaultConfigurationIsVisible = 0;
			defaultConfigurationName = Release;
		};
		3FF1754B28B39916003345FB /* Build configuration list for PBXNativeTarget "BitcoinExchange" */ = {
			isa = XCConfigurationList;
			buildConfigurations = (
				3FF1754C28B39916003345FB /* Debug */,
				3FF1754D28B39916003345FB /* Release */,
			);
			defaultConfigurationIsVisible = 0;
			defaultConfigurationName = Release;
		};
		3FF1754E28B39916003345FB /* Build configuration list for PBXNativeTarget "BitcoinExchangeTests" */ = {
			isa = XCConfigurationList;
			buildConfigurations = (
				3FF1754F28B39916003345FB /* Debug */,
				3FF1755028B39916003345FB /* Release */,
			);
			defaultConfigurationIsVisible = 0;
			defaultConfigurationName = Release;
		};
		3FF1755128B39916003345FB /* Build configuration list for PBXNativeTarget "BitcoinExchangeUITests" */ = {
			isa = XCConfigurationList;
			buildConfigurations = (
				3FF1755228B39916003345FB /* Debug */,
				3FF1755328B39916003345FB /* Release */,
			);
			defaultConfigurationIsVisible = 0;
			defaultConfigurationName = Release;
		};
/* End XCConfigurationList section */
	};
	rootObject = 3FF1751928B39914003345FB /* Project object */;
}
